# This file is autogenerated, do not edit; changes may be undone by the next 'dep ensure'.


[[projects]]
  digest = "1:32fa3ff538ddd0b8312f56bcb15ef3340eee00891cd9c76464746b7cebcac210"
  name = "github.com/PuerkitoBio/goquery"
  packages = ["."]
  pruneopts = ""
  revision = "e1271ee34c6a305e38566ecd27ae374944907ee9"
  version = "v1.1.0"

[[projects]]
  branch = "master"
  digest = "1:8012998ddb3eed9cc0a3b2512d1f37d0947fd604868049cc698d9dc6ea1bd46c"
  name = "github.com/andybalholm/cascadia"
  packages = ["."]
  pruneopts = ""
  revision = "349dd0209470eabd9514242c688c403c0926d266"

[[projects]]
  digest = "1:a861e4e6a4dc717ab34b2674e68e703d9b816e994d583140d10b2feb45fd0228"
  name = "github.com/willf/bitset"
  packages = ["."]
  pruneopts = ""
  revision = "20ad246f50b49590afcb1ed8ad143da7163869cb"
  version = "v1.1.10"

[[projects]]
  digest = "1:aa0ee54c5db54de408a966b9d4445df64a0cd55a918aee5f3e87fc8885eb42d8"
  name = "github.com/willf/bloom"
  packages = ["."]
  pruneopts = ""
  revision = "b27214d2ef0a240ebb489b37c1cac25a36f51078"

[[projects]]
  branch = "master"
  digest = "1:47fe18b32059189c0dba9b4cd334187dcf4ca84189ab403217a559869c58464e"
  name = "golang.org/x/net"
  packages = [
    "html",
    "html/atom",
    "html/charset",
  ]
  pruneopts = ""
  revision = "f5079bd7f6f74e23c4d65efa0f4ce14cbd6a3c0f"

[[projects]]
  branch = "master"
  digest = "1:28900576320e3b6f701d680d7cf8da11e2898544ad86170ccac5529c097852ab"
  name = "golang.org/x/text"
  packages = [
    "encoding",
    "encoding/charmap",
    "encoding/htmlindex",
    "encoding/internal",
    "encoding/internal/identifier",
    "encoding/japanese",
    "encoding/korean",
    "encoding/simplifiedchinese",
    "encoding/traditionalchinese",
    "encoding/unicode",
    "internal/gen",
    "internal/tag",
    "internal/utf8internal",
    "language",
    "runes",
    "transform",
    "unicode/cldr",
  ]
  pruneopts = ""
  revision = "a467ab3c3977c4a820c2a4a886d54eb7d68901f0"

[[projects]]
  digest = "1:812b8cd6b58e655c0399b001419f51442b6ca9d9cf9a9edf471a4a5ad497c767"
  name = "gopkg.in/fatih/set.v0"
  packages = ["."]
  pruneopts = ""
  revision = "57907de300222151a123d29255ed17f5ed43fad3"
  version = "v0.1.0"

[solve-meta]
  analyzer-name = "dep"
  analyzer-version = 1
  input-imports = [
    "github.com/PuerkitoBio/goquery",
    "github.com/willf/bloom",
    "golang.org/x/net/html",
    "golang.org/x/net/html/atom",
    "golang.org/x/net/html/charset",
    "golang.org/x/text/transform",
    "gopkg.in/fatih/set.v0",
  ]
  solver-name = "gps-cdcl"
  solver-version = 1
